
Microsoft Visual Studio Solution File, Format Version 12.00
# Visual Studio Version 17
VisualStudioVersion = 17.10.35013.160
MinimumVisualStudioVersion = 10.0.40219.1
Project("{FAE04EC0-301F-11D3-BF4B-00C04F79EFBC}") = "usingDI", "usingDI\usingDI.csproj", "{9FE46A17-7889-477B-A899-3AD1E630558E}"
EndProject
Project("{FAE04EC0-301F-11D3-BF4B-00C04F79EFBC}") = "CustomLifeTimeDI", "..\CustomLifeTimeDI\CustomLifeTimeDI.csproj", "{343382E4-687F-43A6-B9B3-FC8832E3A2D9}"
EndProject
Global
	GlobalSection(SolutionConfigurationPlatforms) = preSolution
		Debug|Any CPU = Debug|Any CPU
		Release|Any CPU = Release|Any CPU
	EndGlobalSection
	GlobalSection(ProjectConfigurationPlatforms) = postSolution
		{9FE46A17-7889-477B-A899-3AD1E630558E}.Debug|Any CPU.ActiveCfg = Debug|Any CPU
		{9FE46A17-7889-477B-A899-3AD1E630558E}.Debug|Any CPU.Build.0 = Debug|Any CPU
		{9FE46A17-7889-477B-A899-3AD1E630558E}.Release|Any CPU.ActiveCfg = Release|Any CPU
		{9FE46A17-7889-477B-A899-3AD1E630558E}.Release|Any CPU.Build.0 = Release|Any CPU
		{343382E4-687F-43A6-B9B3-FC8832E3A2D9}.Debug|Any CPU.ActiveCfg = Debug|Any CPU
		{343382E4-687F-43A6-B9B3-FC8832E3A2D9}.Debug|Any CPU.Build.0 = Debug|Any CPU
		{343382E4-687F-43A6-B9B3-FC8832E3A2D9}.Release|Any CPU.ActiveCfg = Release|Any CPU
		{343382E4-687F-43A6-B9B3-FC8832E3A2D9}.Release|Any CPU.Build.0 = Release|Any CPU
	EndGlobalSection
	GlobalSection(SolutionProperties) = preSolution
		HideSolutionNode = FALSE
	EndGlobalSection
	GlobalSection(ExtensibilityGlobals) = postSolution
		SolutionGuid = {CC71047F-4425-4F7B-9909-6AC1C9BD4ACC}
	EndGlobalSection
EndGlobal
